
Microsoft Visual Studio Solution File, Format Version 12.00
# Visual Studio Version 17
VisualStudioVersion = 17.5.33516.290
MinimumVisualStudioVersion = 10.0.40219.1
Project("{FAE04EC0-301F-11D3-BF4B-00C04F79EFBC}") = "Project_2_woox_Travel", "Project_2_woox_Travel.csproj", "{8D57C068-E93D-49A6-B0A0-31DDB8AAF9A8}"
EndProject
Global
	GlobalSection(SolutionConfigurationPlatforms) = preSolution
		Debug|Any CPU = Debug|Any CPU
		Release|Any CPU = Release|Any CPU
	EndGlobalSection
	GlobalSection(ProjectConfigurationPlatforms) = postSolution
		{8D57C068-E93D-49A6-B0A0-31DDB8AAF9A8}.Debug|Any CPU.ActiveCfg = Debug|Any CPU
		{8D57C068-E93D-49A6-B0A0-31DDB8AAF9A8}.Debug|Any CPU.Build.0 = Debug|Any CPU
		{8D57C068-E93D-49A6-B0A0-31DDB8AAF9A8}.Release|Any CPU.ActiveCfg = Release|Any CPU
		{8D57C068-E93D-49A6-B0A0-31DDB8AAF9A8}.Release|Any CPU.Build.0 = Release|Any CPU
	EndGlobalSection
	GlobalSection(SolutionProperties) = preSolution
		HideSolutionNode = FALSE
	EndGlobalSection
	GlobalSection(ExtensibilityGlobals) = postSolution
		SolutionGuid = {73F77A52-3584-495F-B344-08F406EAC02B}
	EndGlobalSection
EndGlobal
